
Microsoft Visual Studio Solution File, Format Version 12.00
Project("{FAE04EC0-301F-11D3-BF4B-00C04F79EFBC}") = "WpfApp1", "WpfApp1\WpfApp1.csproj", "{1A8EEF4B-B51C-48BD-9ADC-A4434E6C4C74}"
EndProject
Project("{2150E333-8FDC-42A3-9474-1A3956D46DE8}") = "Controls", "Controls", "{DDAB9D70-9AFC-42D7-BF36-4D826D1B9D87}"
EndProject
Project("{FAE04EC0-301F-11D3-BF4B-00C04F79EFBC}") = "TextBlockControl", "TextBlockControl\TextBlockControl.csproj", "{69B9AC23-1E55-4031-948E-D9B782492825}"
EndProject
Project("{FAE04EC0-301F-11D3-BF4B-00C04F79EFBC}") = "LabelControl", "LabelControl\LabelControl.csproj", "{365C937F-9781-455B-BCD0-8DC1A7A3A103}"
EndProject
Project("{FAE04EC0-301F-11D3-BF4B-00C04F79EFBC}") = "ButtonControl", "ButtonControl\ButtonControl.csproj", "{0886775B-8F58-48DE-918E-18004F8AA8CA}"
EndProject
Project("{FAE04EC0-301F-11D3-BF4B-00C04F79EFBC}") = "TextboxControl", "TextboxControl\TextboxControl.csproj", "{C1EFDBC8-1B32-4233-B8B6-D2A489483CE1}"
EndProject
Project("{2150E333-8FDC-42A3-9474-1A3956D46DE8}") = "DataBinding", "DataBinding", "{F41D06DD-8BE7-4CD1-8B88-52AC31A621E0}"
EndProject
Project("{FAE04EC0-301F-11D3-BF4B-00C04F79EFBC}") = "SimpleDataBinding", "SimpleDataBinding\SimpleDataBinding.csproj", "{1D93D7E8-D88D-4D72-8E02-9C900FBB3F90}"
EndProject
Project("{FAE04EC0-301F-11D3-BF4B-00C04F79EFBC}") = "OneWayBinding", "OneWayBinding\OneWayBinding.csproj", "{FF71DCC8-D679-4194-9DDA-762192AC7187}"
EndProject
Project("{FAE04EC0-301F-11D3-BF4B-00C04F79EFBC}") = "TwoWayBinding", "TwoWayBinding\TwoWayBinding.csproj", "{C4C4FEF7-197E-4BE0-BD7D-190DCC1E68BE}"
EndProject
Project("{FAE04EC0-301F-11D3-BF4B-00C04F79EFBC}") = "BindingSourceTrigger", "BindingSourceTrigger\BindingSourceTrigger.csproj", "{EA0C05B1-ABC1-46D8-9C06-6B9DBB347CF9}"
EndProject
Project("{FAE04EC0-301F-11D3-BF4B-00C04F79EFBC}") = "BindingToClrObjects", "BindingToClrObjects\BindingToClrObjects.csproj", "{12D39113-C464-4BEB-BD3A-C29FC022F81F}"
EndProject
Project("{FAE04EC0-301F-11D3-BF4B-00C04F79EFBC}") = "ViewModelBinding", "ViewModelBinding\ViewModelBinding.csproj", "{3D9254BF-86D6-4600-A306-8A9FCB5891EA}"
EndProject
Project("{2150E333-8FDC-42A3-9474-1A3956D46DE8}") = "Commands", "Commands", "{61672EA2-8536-4957-A95F-881B6D5F8230}"
EndProject
Project("{FAE04EC0-301F-11D3-BF4B-00C04F79EFBC}") = "ApplicationCommands", "ApplicationCommands\ApplicationCommands.csproj", "{2B5F642F-FAB6-47B4-BC49-E48CF0A5C6ED}"
EndProject
Project("{FAE04EC0-301F-11D3-BF4B-00C04F79EFBC}") = "SimpleCommands", "SimpleCommands\SimpleCommands.csproj", "{3E2298ED-C5AA-4EED-AA2D-A3A2C561D48E}"
EndProject
Project("{FAE04EC0-301F-11D3-BF4B-00C04F79EFBC}") = "RoutedUiCommands", "RoutedUiCommands\RoutedUiCommands.csproj", "{8795D162-AF98-436C-9865-975733A3EC07}"
EndProject
Project("{FAE04EC0-301F-11D3-BF4B-00C04F79EFBC}") = "RoutedCommands", "RoutedCommands\RoutedCommands.csproj", "{BA29559A-2805-4919-88E3-A0B5E830E683}"
EndProject
Project("{2150E333-8FDC-42A3-9474-1A3956D46DE8}") = "Samples", "Samples", "{F3973E4F-BE05-4932-8283-DAFF459F0822}"
EndProject
Project("{FAE04EC0-301F-11D3-BF4B-00C04F79EFBC}") = "SimpleNotepad", "SimpleNotepad\SimpleNotepad.csproj", "{39A346DA-9235-4A1D-B13E-41EB8C916985}"
EndProject
Project("{FAE04EC0-301F-11D3-BF4B-00C04F79EFBC}") = "FrameControl", "FrameControl\FrameControl.csproj", "{A0BF0F66-D78F-490F-8D88-1F4D9D816711}"
EndProject
Project("{FAE04EC0-301F-11D3-BF4B-00C04F79EFBC}") = "PagesAndFrames", "PagesAndFrames\PagesAndFrames.csproj", "{B71BE35C-0AFB-4ABF-8CF3-E04538DE362F}"
EndProject
Project("{FAE04EC0-301F-11D3-BF4B-00C04F79EFBC}") = "ObservableCollectionType", "ObservableCollectionType\ObservableCollectionType.csproj", "{169B5C27-90E4-4FDB-AF6C-6CEF8221C2AA}"
EndProject
Project("{FAE04EC0-301F-11D3-BF4B-00C04F79EFBC}") = "ValueConverter", "ValueConverter\ValueConverter.csproj", "{D08689E5-5BD3-46DE-877C-422ABF6A2C8E}"
EndProject
Project("{FAE04EC0-301F-11D3-BF4B-00C04F79EFBC}") = "RichTextBoxControl", "RichTextBoxControl\RichTextBoxControl.csproj", "{DE77A335-DCDC-4EC5-9A29-5F059C76EF19}"
EndProject
Project("{FAE04EC0-301F-11D3-BF4B-00C04F79EFBC}") = "CustomCommands", "CustomCommands\CustomCommands.csproj", "{0C6859E0-18D7-4D00-8F4D-969F48D61975}"
EndProject
Project("{FAE04EC0-301F-11D3-BF4B-00C04F79EFBC}") = "ShapeRender", "ShapeRender\ShapeRender.csproj", "{F2123EB4-C1A5-464E-AEAA-A32677AB4391}"
EndProject
Project("{FAE04EC0-301F-11D3-BF4B-00C04F79EFBC}") = "MultiBinding", "MultiBinding\MultiBinding.csproj", "{43243202-E002-49F5-9360-2ED5C0D575C2}"
EndProject
Project("{FAE04EC0-301F-11D3-BF4B-00C04F79EFBC}") = "TextUtilities", "TextUtilities\TextUtilities.csproj", "{03E972AD-E46B-4C67-A412-0BD65A1CFE11}"
EndProject
Project("{FAE04EC0-301F-11D3-BF4B-00C04F79EFBC}") = "SimpleFiltering", "SimpleFiltering\SimpleFiltering.csproj", "{E3EAEA5E-7C85-493F-971B-8D07D68460E0}"
EndProject
Project("{FAE04EC0-301F-11D3-BF4B-00C04F79EFBC}") = "AdvancedFiltering", "AdvancedFiltering\AdvancedFiltering.csproj", "{DEC47DAF-CA80-43D8-ACC3-64BB977D5006}"
EndProject
Project("{2150E333-8FDC-42A3-9474-1A3956D46DE8}") = "CommunityToolkit", "CommunityToolkit", "{6F075676-8E0A-4B63-AC3D-01EE30040C9B}"
EndProject
Project("{FAE04EC0-301F-11D3-BF4B-00C04F79EFBC}") = "MVVMUsingCommunityToolkit", "MVVMUsingCommunityToolkit\MVVMUsingCommunityToolkit.csproj", "{4EA1F54A-669C-4715-8693-EF11B4638EE9}"
EndProject
Project("{2150E333-8FDC-42A3-9474-1A3956D46DE8}") = "Triggers", "Triggers", "{70D81A82-4A35-44B4-AA43-36FF5F013011}"
EndProject
Project("{FAE04EC0-301F-11D3-BF4B-00C04F79EFBC}") = "PropertyTrigger", "PropertyTrigger\PropertyTrigger.csproj", "{65AFFA93-FB0E-4BBE-9F42-70873498BDC6}"
EndProject
Project("{FAE04EC0-301F-11D3-BF4B-00C04F79EFBC}") = "DataTrigger", "DataTrigger\DataTrigger.csproj", "{04EE333C-03FF-47B0-9D13-EA5C05B4FAF6}"
EndProject
Project("{FAE04EC0-301F-11D3-BF4B-00C04F79EFBC}") = "ChessBoardUsingProceduralCode", "ChessBoardUsingProceduralCode\ChessBoardUsingProceduralCode.csproj", "{F82D6647-7B5F-4C6D-9E7A-534147D13CFB}"
EndProject
Project("{FAE04EC0-301F-11D3-BF4B-00C04F79EFBC}") = "TabControl", "TabControl\TabControl.csproj", "{0AC97FEE-6BCA-43FA-B497-12C4E999C3F2}"
EndProject
Project("{2150E333-8FDC-42A3-9474-1A3956D46DE8}") = "Resources", "Resources", "{93D32955-AEFE-47D0-B4D0-79E73541AAEE}"
EndProject
Project("{FAE04EC0-301F-11D3-BF4B-00C04F79EFBC}") = "StaticResource", "StaticResource\StaticResource.csproj", "{D1E54038-514A-4A0F-A997-8A6883B119DB}"
EndProject
Project("{FAE04EC0-301F-11D3-BF4B-00C04F79EFBC}") = "GridViewControl", "GridViewControl\GridViewControl.csproj", "{98ABFDDB-6E75-44DF-A266-AA1BFA588945}"
EndProject
Project("{FAE04EC0-301F-11D3-BF4B-00C04F79EFBC}") = "DataGridControl", "DataGridControl\DataGridControl.csproj", "{7228BA4A-CFD2-4B5E-9734-3B5A6141214A}"
EndProject
Project("{FAE04EC0-301F-11D3-BF4B-00C04F79EFBC}") = "CheckboxControl", "CheckboxControl\CheckboxControl.csproj", "{571F4DDF-6E93-40F8-BE46-C14C43AB4E37}"
EndProject
Project("{FAE04EC0-301F-11D3-BF4B-00C04F79EFBC}") = "CalendarControl", "CalendarControl\CalendarControl.csproj", "{86388E9C-C9B0-4B2C-85C7-51F5A2A1C530}"
EndProject
Project("{FAE04EC0-301F-11D3-BF4B-00C04F79EFBC}") = "DatePickerControl", "DatePickerControl\DatePickerControl.csproj", "{F0119374-E031-45F5-B32E-725E2AF5B576}"
EndProject
Project("{FAE04EC0-301F-11D3-BF4B-00C04F79EFBC}") = "PopupControl", "PopupControl\PopupControl.csproj", "{19B8F463-D612-41FF-A149-59AE70F6450D}"
EndProject
Project("{FAE04EC0-301F-11D3-BF4B-00C04F79EFBC}") = "SliderControl", "SliderControl\SliderControl.csproj", "{9EE085EE-77AA-4FF0-8111-4079A6672F22}"
EndProject
Project("{FAE04EC0-301F-11D3-BF4B-00C04F79EFBC}") = "TooltipControl", "TooltipControl\TooltipControl.csproj", "{F4D624A6-4D6B-491E-B914-29BDCC8913EC}"
EndProject
Project("{2150E333-8FDC-42A3-9474-1A3956D46DE8}") = "TemplatesAndStyles", "TemplatesAndStyles", "{CF37E806-F02D-4F7E-84BE-025F3277EC8A}"
EndProject
Project("{FAE04EC0-301F-11D3-BF4B-00C04F79EFBC}") = "StyleForAllElements", "StyleForAllElements\StyleForAllElements.csproj", "{0792D687-3D6D-4013-8CD9-0D17ADE7F197}"
EndProject
Project("{FAE04EC0-301F-11D3-BF4B-00C04F79EFBC}") = "StyleAsResource", "StyleAsResource\StyleAsResource.csproj", "{F8BBAC25-CE1A-41DE-A787-E1E2D20DA421}"
EndProject
Project("{FAE04EC0-301F-11D3-BF4B-00C04F79EFBC}") = "StyleInheritance", "StyleInheritance\StyleInheritance.csproj", "{8D12B68A-5F02-4BBE-97E6-A93FB4257630}"
EndProject
Project("{FAE04EC0-301F-11D3-BF4B-00C04F79EFBC}") = "ControlTemplate", "ControlTemplate\ControlTemplate.csproj", "{644B3097-219F-457C-A39D-C340EB6B10C3}"
EndProject
Project("{2150E333-8FDC-42A3-9474-1A3956D46DE8}") = "Animations", "Animations", "{1CDAD240-D886-499F-B6AC-32BE9E7586C1}"
EndProject
Project("{FAE04EC0-301F-11D3-BF4B-00C04F79EFBC}") = "DoubleAnimation", "DoubleAnimation\DoubleAnimation.csproj", "{AA012BF3-6871-4083-87B6-0A6DB44051D6}"
EndProject
Project("{FAE04EC0-301F-11D3-BF4B-00C04F79EFBC}") = "SlidingPanelWithDoubleAnimation", "SlidingPanelWithDoubleAnimation\SlidingPanelWithDoubleAnimation.csproj", "{41A565F9-DC08-466D-A56F-4C54FD659C37}"
EndProject
Project("{FAE04EC0-301F-11D3-BF4B-00C04F79EFBC}") = "ColorAnimation", "ColorAnimation\ColorAnimation.csproj", "{C05AFAD5-F153-4FFE-BE6A-DFDFBF504AD2}"
EndProject
Project("{FAE04EC0-301F-11D3-BF4B-00C04F79EFBC}") = "KeyframeAnimation", "KeyframeAnimation\KeyframeAnimation.csproj", "{B237D61F-BA1B-454E-927E-B309A952C291}"
EndProject
Project("{FAE04EC0-301F-11D3-BF4B-00C04F79EFBC}") = "KeyframeAnimationOnCanvas", "KeyframeAnimationOnCanvas\KeyframeAnimationOnCanvas.csproj", "{662C1A0A-6F50-4A94-BD59-9AE442B2F758}"
EndProject
Project("{FAE04EC0-301F-11D3-BF4B-00C04F79EFBC}") = "ResourceDictionary", "ResourceDictionary\ResourceDictionary.csproj", "{A995FEA2-10D8-4C8F-B59A-0687044C921D}"
EndProject
Project("{FAE04EC0-301F-11D3-BF4B-00C04F79EFBC}") = "ProductManagementApp", "ProductManagementApp\ProductManagementApp.csproj", "{182727A5-BE0D-4380-A65A-CC7DDD7A4C14}"
EndProject
Project("{FAE04EC0-301F-11D3-BF4B-00C04F79EFBC}") = "UniformGridControl", "UniformGridControl\UniformGridControl.csproj", "{EE3459EE-A129-4CAD-A780-99AF085CB08B}"
EndProject
Project("{2150E333-8FDC-42A3-9474-1A3956D46DE8}") = "Events", "Events", "{84C92104-BD68-484A-A558-1ABE09A67BBA}"
EndProject
Project("{FAE04EC0-301F-11D3-BF4B-00C04F79EFBC}") = "SimpleEventHandling", "SimpleEventHandling\SimpleEventHandling.csproj", "{74855A88-E85C-4EE3-8CAF-83E078167C25}"
EndProject
Project("{FAE04EC0-301F-11D3-BF4B-00C04F79EFBC}") = "EventBubbling", "EventBubbling\EventBubbling.csproj", "{75A37607-0F8D-4C42-8473-6EA6AA0F015A}"
EndProject
Project("{FAE04EC0-301F-11D3-BF4B-00C04F79EFBC}") = "EventTunneling", "EventTunneling\EventTunneling.csproj", "{0F751D5F-1966-46B7-9E2F-32232DE87628}"
EndProject
Project("{2150E333-8FDC-42A3-9474-1A3956D46DE8}") = "Validations", "Validations", "{1085EF56-3B47-4D67-B821-6E50B398484D}"
EndProject
Project("{FAE04EC0-301F-11D3-BF4B-00C04F79EFBC}") = "DataAnnotationsValidation", "DataAnnotationsValidation\DataAnnotationsValidation.csproj", "{C5AB1C33-7B09-4B52-973D-713DAB85A031}"
EndProject
Project("{FAE04EC0-301F-11D3-BF4B-00C04F79EFBC}") = "ValidationErrorTemplate", "ValidationErrorTemplate\ValidationErrorTemplate.csproj", "{00E1587A-C99C-4FB5-9230-438FA0120F2E}"
EndProject
Project("{FAE04EC0-301F-11D3-BF4B-00C04F79EFBC}") = "BindingValidationRules", "BindingValidationRules\BindingValidationRules.csproj", "{AB5AB6E1-692E-4504-8219-A8C592E24D5B}"
EndProject
Project("{FAE04EC0-301F-11D3-BF4B-00C04F79EFBC}") = "ConsoleApp", "ConsoleApp\ConsoleApp.csproj", "{9B130637-6C85-4C84-9802-70F2D43224FD}"
EndProject
Project("{FAE04EC0-301F-11D3-BF4B-00C04F79EFBC}") = "ValidationUsingINotifyDataErrorInfo", "ValidationUsingINotifyDataErrorInfo\ValidationUsingINotifyDataErrorInfo.csproj", "{DC76FC1D-46BE-456B-B88F-A585F1E32953}"
EndProject
Project("{2150E333-8FDC-42A3-9474-1A3956D46DE8}") = "TasksAndThreading", "TasksAndThreading", "{80717208-7B0A-4107-B51A-93BC9AA8B4D2}"
EndProject
Project("{FAE04EC0-301F-11D3-BF4B-00C04F79EFBC}") = "AsynchronousTasks", "AsynchronousTasks\AsynchronousTasks.csproj", "{9E140224-B7F4-4AE1-A5F4-CD8EFF7BD2B6}"
EndProject
Project("{FAE04EC0-301F-11D3-BF4B-00C04F79EFBC}") = "BackgroundWorkers", "BackgroundWorkers\BackgroundWorkers.csproj", "{FBFF80B9-0E68-48F1-ADA5-091A8D84DB87}"
EndProject
Project("{FAE04EC0-301F-11D3-BF4B-00C04F79EFBC}") = "DispatcherWithThreads", "DispatcherWithThreads\DispatcherWithThreads.csproj", "{36FF22C9-4290-4EDA-87A6-C1590603EBBA}"
EndProject
Project("{FAE04EC0-301F-11D3-BF4B-00C04F79EFBC}") = "DispatcherTimerApp", "DispatcherTimerApp\DispatcherTimerApp.csproj", "{5BFEACD2-2FAA-409A-9862-A81430C08EE5}"
EndProject
Project("{FAE04EC0-301F-11D3-BF4B-00C04F79EFBC}") = "ImageControl", "ImageControl\ImageControl.csproj", "{3E28572E-8384-48DF-A8D2-1A4D4632050C}"
EndProject
Global
	GlobalSection(SolutionConfigurationPlatforms) = preSolution
		Debug|Any CPU = Debug|Any CPU
		Release|Any CPU = Release|Any CPU
	EndGlobalSection
	GlobalSection(ProjectConfigurationPlatforms) = postSolution
		{1A8EEF4B-B51C-48BD-9ADC-A4434E6C4C74}.Debug|Any CPU.ActiveCfg = Debug|Any CPU
		{1A8EEF4B-B51C-48BD-9ADC-A4434E6C4C74}.Debug|Any CPU.Build.0 = Debug|Any CPU
		{1A8EEF4B-B51C-48BD-9ADC-A4434E6C4C74}.Release|Any CPU.ActiveCfg = Release|Any CPU
		{1A8EEF4B-B51C-48BD-9ADC-A4434E6C4C74}.Release|Any CPU.Build.0 = Release|Any CPU
		{69B9AC23-1E55-4031-948E-D9B782492825}.Debug|Any CPU.ActiveCfg = Debug|Any CPU
		{69B9AC23-1E55-4031-948E-D9B782492825}.Debug|Any CPU.Build.0 = Debug|Any CPU
		{69B9AC23-1E55-4031-948E-D9B782492825}.Release|Any CPU.ActiveCfg = Release|Any CPU
		{69B9AC23-1E55-4031-948E-D9B782492825}.Release|Any CPU.Build.0 = Release|Any CPU
		{365C937F-9781-455B-BCD0-8DC1A7A3A103}.Debug|Any CPU.ActiveCfg = Debug|Any CPU
		{365C937F-9781-455B-BCD0-8DC1A7A3A103}.Debug|Any CPU.Build.0 = Debug|Any CPU
		{365C937F-9781-455B-BCD0-8DC1A7A3A103}.Release|Any CPU.ActiveCfg = Release|Any CPU
		{365C937F-9781-455B-BCD0-8DC1A7A3A103}.Release|Any CPU.Build.0 = Release|Any CPU
		{0886775B-8F58-48DE-918E-18004F8AA8CA}.Debug|Any CPU.ActiveCfg = Debug|Any CPU
		{0886775B-8F58-48DE-918E-18004F8AA8CA}.Debug|Any CPU.Build.0 = Debug|Any CPU
		{0886775B-8F58-48DE-918E-18004F8AA8CA}.Release|Any CPU.ActiveCfg = Release|Any CPU
		{0886775B-8F58-48DE-918E-18004F8AA8CA}.Release|Any CPU.Build.0 = Release|Any CPU
		{C1EFDBC8-1B32-4233-B8B6-D2A489483CE1}.Debug|Any CPU.ActiveCfg = Debug|Any CPU
		{C1EFDBC8-1B32-4233-B8B6-D2A489483CE1}.Debug|Any CPU.Build.0 = Debug|Any CPU
		{C1EFDBC8-1B32-4233-B8B6-D2A489483CE1}.Release|Any CPU.ActiveCfg = Release|Any CPU
		{C1EFDBC8-1B32-4233-B8B6-D2A489483CE1}.Release|Any CPU.Build.0 = Release|Any CPU
		{1D93D7E8-D88D-4D72-8E02-9C900FBB3F90}.Debug|Any CPU.ActiveCfg = Debug|Any CPU
		{1D93D7E8-D88D-4D72-8E02-9C900FBB3F90}.Debug|Any CPU.Build.0 = Debug|Any CPU
		{1D93D7E8-D88D-4D72-8E02-9C900FBB3F90}.Release|Any CPU.ActiveCfg = Release|Any CPU
		{1D93D7E8-D88D-4D72-8E02-9C900FBB3F90}.Release|Any CPU.Build.0 = Release|Any CPU
		{FF71DCC8-D679-4194-9DDA-762192AC7187}.Debug|Any CPU.ActiveCfg = Debug|Any CPU
		{FF71DCC8-D679-4194-9DDA-762192AC7187}.Debug|Any CPU.Build.0 = Debug|Any CPU
		{FF71DCC8-D679-4194-9DDA-762192AC7187}.Release|Any CPU.ActiveCfg = Release|Any CPU
		{FF71DCC8-D679-4194-9DDA-762192AC7187}.Release|Any CPU.Build.0 = Release|Any CPU
		{C4C4FEF7-197E-4BE0-BD7D-190DCC1E68BE}.Debug|Any CPU.ActiveCfg = Debug|Any CPU
		{C4C4FEF7-197E-4BE0-BD7D-190DCC1E68BE}.Debug|Any CPU.Build.0 = Debug|Any CPU
		{C4C4FEF7-197E-4BE0-BD7D-190DCC1E68BE}.Release|Any CPU.ActiveCfg = Release|Any CPU
		{C4C4FEF7-197E-4BE0-BD7D-190DCC1E68BE}.Release|Any CPU.Build.0 = Release|Any CPU
		{EA0C05B1-ABC1-46D8-9C06-6B9DBB347CF9}.Debug|Any CPU.ActiveCfg = Debug|Any CPU
		{EA0C05B1-ABC1-46D8-9C06-6B9DBB347CF9}.Debug|Any CPU.Build.0 = Debug|Any CPU
		{EA0C05B1-ABC1-46D8-9C06-6B9DBB347CF9}.Release|Any CPU.ActiveCfg = Release|Any CPU
		{EA0C05B1-ABC1-46D8-9C06-6B9DBB347CF9}.Release|Any CPU.Build.0 = Release|Any CPU
		{12D39113-C464-4BEB-BD3A-C29FC022F81F}.Debug|Any CPU.ActiveCfg = Debug|Any CPU
		{12D39113-C464-4BEB-BD3A-C29FC022F81F}.Debug|Any CPU.Build.0 = Debug|Any CPU
		{12D39113-C464-4BEB-BD3A-C29FC022F81F}.Release|Any CPU.ActiveCfg = Release|Any CPU
		{12D39113-C464-4BEB-BD3A-C29FC022F81F}.Release|Any CPU.Build.0 = Release|Any CPU
		{3D9254BF-86D6-4600-A306-8A9FCB5891EA}.Debug|Any CPU.ActiveCfg = Debug|Any CPU
		{3D9254BF-86D6-4600-A306-8A9FCB5891EA}.Debug|Any CPU.Build.0 = Debug|Any CPU
		{3D9254BF-86D6-4600-A306-8A9FCB5891EA}.Release|Any CPU.ActiveCfg = Release|Any CPU
		{3D9254BF-86D6-4600-A306-8A9FCB5891EA}.Release|Any CPU.Build.0 = Release|Any CPU
		{2B5F642F-FAB6-47B4-BC49-E48CF0A5C6ED}.Debug|Any CPU.ActiveCfg = Debug|Any CPU
		{2B5F642F-FAB6-47B4-BC49-E48CF0A5C6ED}.Debug|Any CPU.Build.0 = Debug|Any CPU
		{2B5F642F-FAB6-47B4-BC49-E48CF0A5C6ED}.Release|Any CPU.ActiveCfg = Release|Any CPU
		{2B5F642F-FAB6-47B4-BC49-E48CF0A5C6ED}.Release|Any CPU.Build.0 = Release|Any CPU
		{3E2298ED-C5AA-4EED-AA2D-A3A2C561D48E}.Debug|Any CPU.ActiveCfg = Debug|Any CPU
		{3E2298ED-C5AA-4EED-AA2D-A3A2C561D48E}.Debug|Any CPU.Build.0 = Debug|Any CPU
		{3E2298ED-C5AA-4EED-AA2D-A3A2C561D48E}.Release|Any CPU.ActiveCfg = Release|Any CPU
		{3E2298ED-C5AA-4EED-AA2D-A3A2C561D48E}.Release|Any CPU.Build.0 = Release|Any CPU
		{8795D162-AF98-436C-9865-975733A3EC07}.Debug|Any CPU.ActiveCfg = Debug|Any CPU
		{8795D162-AF98-436C-9865-975733A3EC07}.Debug|Any CPU.Build.0 = Debug|Any CPU
		{8795D162-AF98-436C-9865-975733A3EC07}.Release|Any CPU.ActiveCfg = Release|Any CPU
		{8795D162-AF98-436C-9865-975733A3EC07}.Release|Any CPU.Build.0 = Release|Any CPU
		{BA29559A-2805-4919-88E3-A0B5E830E683}.Debug|Any CPU.ActiveCfg = Debug|Any CPU
		{BA29559A-2805-4919-88E3-A0B5E830E683}.Debug|Any CPU.Build.0 = Debug|Any CPU
		{BA29559A-2805-4919-88E3-A0B5E830E683}.Release|Any CPU.ActiveCfg = Release|Any CPU
		{BA29559A-2805-4919-88E3-A0B5E830E683}.Release|Any CPU.Build.0 = Release|Any CPU
		{39A346DA-9235-4A1D-B13E-41EB8C916985}.Debug|Any CPU.ActiveCfg = Debug|Any CPU
		{39A346DA-9235-4A1D-B13E-41EB8C916985}.Debug|Any CPU.Build.0 = Debug|Any CPU
		{39A346DA-9235-4A1D-B13E-41EB8C916985}.Release|Any CPU.ActiveCfg = Release|Any CPU
		{39A346DA-9235-4A1D-B13E-41EB8C916985}.Release|Any CPU.Build.0 = Release|Any CPU
		{A0BF0F66-D78F-490F-8D88-1F4D9D816711}.Debug|Any CPU.ActiveCfg = Debug|Any CPU
		{A0BF0F66-D78F-490F-8D88-1F4D9D816711}.Debug|Any CPU.Build.0 = Debug|Any CPU
		{A0BF0F66-D78F-490F-8D88-1F4D9D816711}.Release|Any CPU.ActiveCfg = Release|Any CPU
		{A0BF0F66-D78F-490F-8D88-1F4D9D816711}.Release|Any CPU.Build.0 = Release|Any CPU
		{B71BE35C-0AFB-4ABF-8CF3-E04538DE362F}.Debug|Any CPU.ActiveCfg = Debug|Any CPU
		{B71BE35C-0AFB-4ABF-8CF3-E04538DE362F}.Debug|Any CPU.Build.0 = Debug|Any CPU
		{B71BE35C-0AFB-4ABF-8CF3-E04538DE362F}.Release|Any CPU.ActiveCfg = Release|Any CPU
		{B71BE35C-0AFB-4ABF-8CF3-E04538DE362F}.Release|Any CPU.Build.0 = Release|Any CPU
		{169B5C27-90E4-4FDB-AF6C-6CEF8221C2AA}.Debug|Any CPU.ActiveCfg = Debug|Any CPU
		{169B5C27-90E4-4FDB-AF6C-6CEF8221C2AA}.Debug|Any CPU.Build.0 = Debug|Any CPU
		{169B5C27-90E4-4FDB-AF6C-6CEF8221C2AA}.Release|Any CPU.ActiveCfg = Release|Any CPU
		{169B5C27-90E4-4FDB-AF6C-6CEF8221C2AA}.Release|Any CPU.Build.0 = Release|Any CPU
		{D08689E5-5BD3-46DE-877C-422ABF6A2C8E}.Debug|Any CPU.ActiveCfg = Debug|Any CPU
		{D08689E5-5BD3-46DE-877C-422ABF6A2C8E}.Debug|Any CPU.Build.0 = Debug|Any CPU
		{D08689E5-5BD3-46DE-877C-422ABF6A2C8E}.Release|Any CPU.ActiveCfg = Release|Any CPU
		{D08689E5-5BD3-46DE-877C-422ABF6A2C8E}.Release|Any CPU.Build.0 = Release|Any CPU
		{DE77A335-DCDC-4EC5-9A29-5F059C76EF19}.Debug|Any CPU.ActiveCfg = Debug|Any CPU
		{DE77A335-DCDC-4EC5-9A29-5F059C76EF19}.Debug|Any CPU.Build.0 = Debug|Any CPU
		{DE77A335-DCDC-4EC5-9A29-5F059C76EF19}.Release|Any CPU.ActiveCfg = Release|Any CPU
		{DE77A335-DCDC-4EC5-9A29-5F059C76EF19}.Release|Any CPU.Build.0 = Release|Any CPU
		{0C6859E0-18D7-4D00-8F4D-969F48D61975}.Debug|Any CPU.ActiveCfg = Debug|Any CPU
		{0C6859E0-18D7-4D00-8F4D-969F48D61975}.Debug|Any CPU.Build.0 = Debug|Any CPU
		{0C6859E0-18D7-4D00-8F4D-969F48D61975}.Release|Any CPU.ActiveCfg = Release|Any CPU
		{0C6859E0-18D7-4D00-8F4D-969F48D61975}.Release|Any CPU.Build.0 = Release|Any CPU
		{F2123EB4-C1A5-464E-AEAA-A32677AB4391}.Debug|Any CPU.ActiveCfg = Debug|Any CPU
		{F2123EB4-C1A5-464E-AEAA-A32677AB4391}.Debug|Any CPU.Build.0 = Debug|Any CPU
		{F2123EB4-C1A5-464E-AEAA-A32677AB4391}.Release|Any CPU.ActiveCfg = Release|Any CPU
		{F2123EB4-C1A5-464E-AEAA-A32677AB4391}.Release|Any CPU.Build.0 = Release|Any CPU
		{43243202-E002-49F5-9360-2ED5C0D575C2}.Debug|Any CPU.ActiveCfg = Debug|Any CPU
		{43243202-E002-49F5-9360-2ED5C0D575C2}.Debug|Any CPU.Build.0 = Debug|Any CPU
		{43243202-E002-49F5-9360-2ED5C0D575C2}.Release|Any CPU.ActiveCfg = Release|Any CPU
		{43243202-E002-49F5-9360-2ED5C0D575C2}.Release|Any CPU.Build.0 = Release|Any CPU
		{03E972AD-E46B-4C67-A412-0BD65A1CFE11}.Debug|Any CPU.ActiveCfg = Debug|Any CPU
		{03E972AD-E46B-4C67-A412-0BD65A1CFE11}.Debug|Any CPU.Build.0 = Debug|Any CPU
		{03E972AD-E46B-4C67-A412-0BD65A1CFE11}.Release|Any CPU.ActiveCfg = Release|Any CPU
		{03E972AD-E46B-4C67-A412-0BD65A1CFE11}.Release|Any CPU.Build.0 = Release|Any CPU
		{E3EAEA5E-7C85-493F-971B-8D07D68460E0}.Debug|Any CPU.ActiveCfg = Debug|Any CPU
		{E3EAEA5E-7C85-493F-971B-8D07D68460E0}.Debug|Any CPU.Build.0 = Debug|Any CPU
		{E3EAEA5E-7C85-493F-971B-8D07D68460E0}.Release|Any CPU.ActiveCfg = Release|Any CPU
		{E3EAEA5E-7C85-493F-971B-8D07D68460E0}.Release|Any CPU.Build.0 = Release|Any CPU
		{DEC47DAF-CA80-43D8-ACC3-64BB977D5006}.Debug|Any CPU.ActiveCfg = Debug|Any CPU
		{DEC47DAF-CA80-43D8-ACC3-64BB977D5006}.Debug|Any CPU.Build.0 = Debug|Any CPU
		{DEC47DAF-CA80-43D8-ACC3-64BB977D5006}.Release|Any CPU.ActiveCfg = Release|Any CPU
		{DEC47DAF-CA80-43D8-ACC3-64BB977D5006}.Release|Any CPU.Build.0 = Release|Any CPU
		{4EA1F54A-669C-4715-8693-EF11B4638EE9}.Debug|Any CPU.ActiveCfg = Debug|Any CPU
		{4EA1F54A-669C-4715-8693-EF11B4638EE9}.Debug|Any CPU.Build.0 = Debug|Any CPU
		{4EA1F54A-669C-4715-8693-EF11B4638EE9}.Release|Any CPU.ActiveCfg = Release|Any CPU
		{4EA1F54A-669C-4715-8693-EF11B4638EE9}.Release|Any CPU.Build.0 = Release|Any CPU
		{65AFFA93-FB0E-4BBE-9F42-70873498BDC6}.Debug|Any CPU.ActiveCfg = Debug|Any CPU
		{65AFFA93-FB0E-4BBE-9F42-70873498BDC6}.Debug|Any CPU.Build.0 = Debug|Any CPU
		{65AFFA93-FB0E-4BBE-9F42-70873498BDC6}.Release|Any CPU.ActiveCfg = Release|Any CPU
		{65AFFA93-FB0E-4BBE-9F42-70873498BDC6}.Release|Any CPU.Build.0 = Release|Any CPU
		{04EE333C-03FF-47B0-9D13-EA5C05B4FAF6}.Debug|Any CPU.ActiveCfg = Debug|Any CPU
		{04EE333C-03FF-47B0-9D13-EA5C05B4FAF6}.Debug|Any CPU.Build.0 = Debug|Any CPU
		{04EE333C-03FF-47B0-9D13-EA5C05B4FAF6}.Release|Any CPU.ActiveCfg = Release|Any CPU
		{04EE333C-03FF-47B0-9D13-EA5C05B4FAF6}.Release|Any CPU.Build.0 = Release|Any CPU
		{F82D6647-7B5F-4C6D-9E7A-534147D13CFB}.Debug|Any CPU.ActiveCfg = Debug|Any CPU
		{F82D6647-7B5F-4C6D-9E7A-534147D13CFB}.Debug|Any CPU.Build.0 = Debug|Any CPU
		{F82D6647-7B5F-4C6D-9E7A-534147D13CFB}.Release|Any CPU.ActiveCfg = Release|Any CPU
		{F82D6647-7B5F-4C6D-9E7A-534147D13CFB}.Release|Any CPU.Build.0 = Release|Any CPU
		{0AC97FEE-6BCA-43FA-B497-12C4E999C3F2}.Debug|Any CPU.ActiveCfg = Debug|Any CPU
		{0AC97FEE-6BCA-43FA-B497-12C4E999C3F2}.Debug|Any CPU.Build.0 = Debug|Any CPU
		{0AC97FEE-6BCA-43FA-B497-12C4E999C3F2}.Release|Any CPU.ActiveCfg = Release|Any CPU
		{0AC97FEE-6BCA-43FA-B497-12C4E999C3F2}.Release|Any CPU.Build.0 = Release|Any CPU
		{D1E54038-514A-4A0F-A997-8A6883B119DB}.Debug|Any CPU.ActiveCfg = Debug|Any CPU
		{D1E54038-514A-4A0F-A997-8A6883B119DB}.Debug|Any CPU.Build.0 = Debug|Any CPU
		{D1E54038-514A-4A0F-A997-8A6883B119DB}.Release|Any CPU.ActiveCfg = Release|Any CPU
		{D1E54038-514A-4A0F-A997-8A6883B119DB}.Release|Any CPU.Build.0 = Release|Any CPU
		{98ABFDDB-6E75-44DF-A266-AA1BFA588945}.Debug|Any CPU.ActiveCfg = Debug|Any CPU
		{98ABFDDB-6E75-44DF-A266-AA1BFA588945}.Debug|Any CPU.Build.0 = Debug|Any CPU
		{98ABFDDB-6E75-44DF-A266-AA1BFA588945}.Release|Any CPU.ActiveCfg = Release|Any CPU
		{98ABFDDB-6E75-44DF-A266-AA1BFA588945}.Release|Any CPU.Build.0 = Release|Any CPU
		{7228BA4A-CFD2-4B5E-9734-3B5A6141214A}.Debug|Any CPU.ActiveCfg = Debug|Any CPU
		{7228BA4A-CFD2-4B5E-9734-3B5A6141214A}.Debug|Any CPU.Build.0 = Debug|Any CPU
		{7228BA4A-CFD2-4B5E-9734-3B5A6141214A}.Release|Any CPU.ActiveCfg = Release|Any CPU
		{7228BA4A-CFD2-4B5E-9734-3B5A6141214A}.Release|Any CPU.Build.0 = Release|Any CPU
		{571F4DDF-6E93-40F8-BE46-C14C43AB4E37}.Debug|Any CPU.ActiveCfg = Debug|Any CPU
		{571F4DDF-6E93-40F8-BE46-C14C43AB4E37}.Debug|Any CPU.Build.0 = Debug|Any CPU
		{571F4DDF-6E93-40F8-BE46-C14C43AB4E37}.Release|Any CPU.ActiveCfg = Release|Any CPU
		{571F4DDF-6E93-40F8-BE46-C14C43AB4E37}.Release|Any CPU.Build.0 = Release|Any CPU
		{86388E9C-C9B0-4B2C-85C7-51F5A2A1C530}.Debug|Any CPU.ActiveCfg = Debug|Any CPU
		{86388E9C-C9B0-4B2C-85C7-51F5A2A1C530}.Debug|Any CPU.Build.0 = Debug|Any CPU
		{86388E9C-C9B0-4B2C-85C7-51F5A2A1C530}.Release|Any CPU.ActiveCfg = Release|Any CPU
		{86388E9C-C9B0-4B2C-85C7-51F5A2A1C530}.Release|Any CPU.Build.0 = Release|Any CPU
		{F0119374-E031-45F5-B32E-725E2AF5B576}.Debug|Any CPU.ActiveCfg = Debug|Any CPU
		{F0119374-E031-45F5-B32E-725E2AF5B576}.Debug|Any CPU.Build.0 = Debug|Any CPU
		{F0119374-E031-45F5-B32E-725E2AF5B576}.Release|Any CPU.ActiveCfg = Release|Any CPU
		{F0119374-E031-45F5-B32E-725E2AF5B576}.Release|Any CPU.Build.0 = Release|Any CPU
		{19B8F463-D612-41FF-A149-59AE70F6450D}.Debug|Any CPU.ActiveCfg = Debug|Any CPU
		{19B8F463-D612-41FF-A149-59AE70F6450D}.Debug|Any CPU.Build.0 = Debug|Any CPU
		{19B8F463-D612-41FF-A149-59AE70F6450D}.Release|Any CPU.ActiveCfg = Release|Any CPU
		{19B8F463-D612-41FF-A149-59AE70F6450D}.Release|Any CPU.Build.0 = Release|Any CPU
		{9EE085EE-77AA-4FF0-8111-4079A6672F22}.Debug|Any CPU.ActiveCfg = Debug|Any CPU
		{9EE085EE-77AA-4FF0-8111-4079A6672F22}.Debug|Any CPU.Build.0 = Debug|Any CPU
		{9EE085EE-77AA-4FF0-8111-4079A6672F22}.Release|Any CPU.ActiveCfg = Release|Any CPU
		{9EE085EE-77AA-4FF0-8111-4079A6672F22}.Release|Any CPU.Build.0 = Release|Any CPU
		{F4D624A6-4D6B-491E-B914-29BDCC8913EC}.Debug|Any CPU.ActiveCfg = Debug|Any CPU
		{F4D624A6-4D6B-491E-B914-29BDCC8913EC}.Debug|Any CPU.Build.0 = Debug|Any CPU
		{F4D624A6-4D6B-491E-B914-29BDCC8913EC}.Release|Any CPU.ActiveCfg = Release|Any CPU
		{F4D624A6-4D6B-491E-B914-29BDCC8913EC}.Release|Any CPU.Build.0 = Release|Any CPU
		{0792D687-3D6D-4013-8CD9-0D17ADE7F197}.Debug|Any CPU.ActiveCfg = Debug|Any CPU
		{0792D687-3D6D-4013-8CD9-0D17ADE7F197}.Debug|Any CPU.Build.0 = Debug|Any CPU
		{0792D687-3D6D-4013-8CD9-0D17ADE7F197}.Release|Any CPU.ActiveCfg = Release|Any CPU
		{0792D687-3D6D-4013-8CD9-0D17ADE7F197}.Release|Any CPU.Build.0 = Release|Any CPU
		{F8BBAC25-CE1A-41DE-A787-E1E2D20DA421}.Debug|Any CPU.ActiveCfg = Debug|Any CPU
		{F8BBAC25-CE1A-41DE-A787-E1E2D20DA421}.Debug|Any CPU.Build.0 = Debug|Any CPU
		{F8BBAC25-CE1A-41DE-A787-E1E2D20DA421}.Release|Any CPU.ActiveCfg = Release|Any CPU
		{F8BBAC25-CE1A-41DE-A787-E1E2D20DA421}.Release|Any CPU.Build.0 = Release|Any CPU
		{8D12B68A-5F02-4BBE-97E6-A93FB4257630}.Debug|Any CPU.ActiveCfg = Debug|Any CPU
		{8D12B68A-5F02-4BBE-97E6-A93FB4257630}.Debug|Any CPU.Build.0 = Debug|Any CPU
		{8D12B68A-5F02-4BBE-97E6-A93FB4257630}.Release|Any CPU.ActiveCfg = Release|Any CPU
		{8D12B68A-5F02-4BBE-97E6-A93FB4257630}.Release|Any CPU.Build.0 = Release|Any CPU
		{644B3097-219F-457C-A39D-C340EB6B10C3}.Debug|Any CPU.ActiveCfg = Debug|Any CPU
		{644B3097-219F-457C-A39D-C340EB6B10C3}.Debug|Any CPU.Build.0 = Debug|Any CPU
		{644B3097-219F-457C-A39D-C340EB6B10C3}.Release|Any CPU.ActiveCfg = Release|Any CPU
		{644B3097-219F-457C-A39D-C340EB6B10C3}.Release|Any CPU.Build.0 = Release|Any CPU
		{AA012BF3-6871-4083-87B6-0A6DB44051D6}.Debug|Any CPU.ActiveCfg = Debug|Any CPU
		{AA012BF3-6871-4083-87B6-0A6DB44051D6}.Debug|Any CPU.Build.0 = Debug|Any CPU
		{AA012BF3-6871-4083-87B6-0A6DB44051D6}.Release|Any CPU.ActiveCfg = Release|Any CPU
		{AA012BF3-6871-4083-87B6-0A6DB44051D6}.Release|Any CPU.Build.0 = Release|Any CPU
		{41A565F9-DC08-466D-A56F-4C54FD659C37}.Debug|Any CPU.ActiveCfg = Debug|Any CPU
		{41A565F9-DC08-466D-A56F-4C54FD659C37}.Debug|Any CPU.Build.0 = Debug|Any CPU
		{41A565F9-DC08-466D-A56F-4C54FD659C37}.Release|Any CPU.ActiveCfg = Release|Any CPU
		{41A565F9-DC08-466D-A56F-4C54FD659C37}.Release|Any CPU.Build.0 = Release|Any CPU
		{C05AFAD5-F153-4FFE-BE6A-DFDFBF504AD2}.Debug|Any CPU.ActiveCfg = Debug|Any CPU
		{C05AFAD5-F153-4FFE-BE6A-DFDFBF504AD2}.Debug|Any CPU.Build.0 = Debug|Any CPU
		{C05AFAD5-F153-4FFE-BE6A-DFDFBF504AD2}.Release|Any CPU.ActiveCfg = Release|Any CPU
		{C05AFAD5-F153-4FFE-BE6A-DFDFBF504AD2}.Release|Any CPU.Build.0 = Release|Any CPU
		{B237D61F-BA1B-454E-927E-B309A952C291}.Debug|Any CPU.ActiveCfg = Debug|Any CPU
		{B237D61F-BA1B-454E-927E-B309A952C291}.Debug|Any CPU.Build.0 = Debug|Any CPU
		{B237D61F-BA1B-454E-927E-B309A952C291}.Release|Any CPU.ActiveCfg = Release|Any CPU
		{B237D61F-BA1B-454E-927E-B309A952C291}.Release|Any CPU.Build.0 = Release|Any CPU
		{662C1A0A-6F50-4A94-BD59-9AE442B2F758}.Debug|Any CPU.ActiveCfg = Debug|Any CPU
		{662C1A0A-6F50-4A94-BD59-9AE442B2F758}.Debug|Any CPU.Build.0 = Debug|Any CPU
		{662C1A0A-6F50-4A94-BD59-9AE442B2F758}.Release|Any CPU.ActiveCfg = Release|Any CPU
		{662C1A0A-6F50-4A94-BD59-9AE442B2F758}.Release|Any CPU.Build.0 = Release|Any CPU
		{A995FEA2-10D8-4C8F-B59A-0687044C921D}.Debug|Any CPU.ActiveCfg = Debug|Any CPU
		{A995FEA2-10D8-4C8F-B59A-0687044C921D}.Debug|Any CPU.Build.0 = Debug|Any CPU
		{A995FEA2-10D8-4C8F-B59A-0687044C921D}.Release|Any CPU.ActiveCfg = Release|Any CPU
		{A995FEA2-10D8-4C8F-B59A-0687044C921D}.Release|Any CPU.Build.0 = Release|Any CPU
		{182727A5-BE0D-4380-A65A-CC7DDD7A4C14}.Debug|Any CPU.ActiveCfg = Debug|Any CPU
		{182727A5-BE0D-4380-A65A-CC7DDD7A4C14}.Debug|Any CPU.Build.0 = Debug|Any CPU
		{182727A5-BE0D-4380-A65A-CC7DDD7A4C14}.Release|Any CPU.ActiveCfg = Release|Any CPU
		{182727A5-BE0D-4380-A65A-CC7DDD7A4C14}.Release|Any CPU.Build.0 = Release|Any CPU
		{EE3459EE-A129-4CAD-A780-99AF085CB08B}.Debug|Any CPU.ActiveCfg = Debug|Any CPU
		{EE3459EE-A129-4CAD-A780-99AF085CB08B}.Debug|Any CPU.Build.0 = Debug|Any CPU
		{EE3459EE-A129-4CAD-A780-99AF085CB08B}.Release|Any CPU.ActiveCfg = Release|Any CPU
		{EE3459EE-A129-4CAD-A780-99AF085CB08B}.Release|Any CPU.Build.0 = Release|Any CPU
		{74855A88-E85C-4EE3-8CAF-83E078167C25}.Debug|Any CPU.ActiveCfg = Debug|Any CPU
		{74855A88-E85C-4EE3-8CAF-83E078167C25}.Debug|Any CPU.Build.0 = Debug|Any CPU
		{74855A88-E85C-4EE3-8CAF-83E078167C25}.Release|Any CPU.ActiveCfg = Release|Any CPU
		{74855A88-E85C-4EE3-8CAF-83E078167C25}.Release|Any CPU.Build.0 = Release|Any CPU
		{75A37607-0F8D-4C42-8473-6EA6AA0F015A}.Debug|Any CPU.ActiveCfg = Debug|Any CPU
		{75A37607-0F8D-4C42-8473-6EA6AA0F015A}.Debug|Any CPU.Build.0 = Debug|Any CPU
		{75A37607-0F8D-4C42-8473-6EA6AA0F015A}.Release|Any CPU.ActiveCfg = Release|Any CPU
		{75A37607-0F8D-4C42-8473-6EA6AA0F015A}.Release|Any CPU.Build.0 = Release|Any CPU
		{0F751D5F-1966-46B7-9E2F-32232DE87628}.Debug|Any CPU.ActiveCfg = Debug|Any CPU
		{0F751D5F-1966-46B7-9E2F-32232DE87628}.Debug|Any CPU.Build.0 = Debug|Any CPU
		{0F751D5F-1966-46B7-9E2F-32232DE87628}.Release|Any CPU.ActiveCfg = Release|Any CPU
		{0F751D5F-1966-46B7-9E2F-32232DE87628}.Release|Any CPU.Build.0 = Release|Any CPU
		{C5AB1C33-7B09-4B52-973D-713DAB85A031}.Debug|Any CPU.ActiveCfg = Debug|Any CPU
		{C5AB1C33-7B09-4B52-973D-713DAB85A031}.Debug|Any CPU.Build.0 = Debug|Any CPU
		{C5AB1C33-7B09-4B52-973D-713DAB85A031}.Release|Any CPU.ActiveCfg = Release|Any CPU
		{C5AB1C33-7B09-4B52-973D-713DAB85A031}.Release|Any CPU.Build.0 = Release|Any CPU
		{00E1587A-C99C-4FB5-9230-438FA0120F2E}.Debug|Any CPU.ActiveCfg = Debug|Any CPU
		{00E1587A-C99C-4FB5-9230-438FA0120F2E}.Debug|Any CPU.Build.0 = Debug|Any CPU
		{00E1587A-C99C-4FB5-9230-438FA0120F2E}.Release|Any CPU.ActiveCfg = Release|Any CPU
		{00E1587A-C99C-4FB5-9230-438FA0120F2E}.Release|Any CPU.Build.0 = Release|Any CPU
		{AB5AB6E1-692E-4504-8219-A8C592E24D5B}.Debug|Any CPU.ActiveCfg = Debug|Any CPU
		{AB5AB6E1-692E-4504-8219-A8C592E24D5B}.Debug|Any CPU.Build.0 = Debug|Any CPU
		{AB5AB6E1-692E-4504-8219-A8C592E24D5B}.Release|Any CPU.ActiveCfg = Release|Any CPU
		{AB5AB6E1-692E-4504-8219-A8C592E24D5B}.Release|Any CPU.Build.0 = Release|Any CPU
		{9B130637-6C85-4C84-9802-70F2D43224FD}.Debug|Any CPU.ActiveCfg = Debug|Any CPU
		{9B130637-6C85-4C84-9802-70F2D43224FD}.Debug|Any CPU.Build.0 = Debug|Any CPU
		{9B130637-6C85-4C84-9802-70F2D43224FD}.Release|Any CPU.ActiveCfg = Release|Any CPU
		{9B130637-6C85-4C84-9802-70F2D43224FD}.Release|Any CPU.Build.0 = Release|Any CPU
		{DC76FC1D-46BE-456B-B88F-A585F1E32953}.Debug|Any CPU.ActiveCfg = Debug|Any CPU
		{DC76FC1D-46BE-456B-B88F-A585F1E32953}.Debug|Any CPU.Build.0 = Debug|Any CPU
		{DC76FC1D-46BE-456B-B88F-A585F1E32953}.Release|Any CPU.ActiveCfg = Release|Any CPU
		{DC76FC1D-46BE-456B-B88F-A585F1E32953}.Release|Any CPU.Build.0 = Release|Any CPU
		{9E140224-B7F4-4AE1-A5F4-CD8EFF7BD2B6}.Debug|Any CPU.ActiveCfg = Debug|Any CPU
		{9E140224-B7F4-4AE1-A5F4-CD8EFF7BD2B6}.Debug|Any CPU.Build.0 = Debug|Any CPU
		{9E140224-B7F4-4AE1-A5F4-CD8EFF7BD2B6}.Release|Any CPU.ActiveCfg = Release|Any CPU
		{9E140224-B7F4-4AE1-A5F4-CD8EFF7BD2B6}.Release|Any CPU.Build.0 = Release|Any CPU
		{FBFF80B9-0E68-48F1-ADA5-091A8D84DB87}.Debug|Any CPU.ActiveCfg = Debug|Any CPU
		{FBFF80B9-0E68-48F1-ADA5-091A8D84DB87}.Debug|Any CPU.Build.0 = Debug|Any CPU
		{FBFF80B9-0E68-48F1-ADA5-091A8D84DB87}.Release|Any CPU.ActiveCfg = Release|Any CPU
		{FBFF80B9-0E68-48F1-ADA5-091A8D84DB87}.Release|Any CPU.Build.0 = Release|Any CPU
		{36FF22C9-4290-4EDA-87A6-C1590603EBBA}.Debug|Any CPU.ActiveCfg = Debug|Any CPU
		{36FF22C9-4290-4EDA-87A6-C1590603EBBA}.Debug|Any CPU.Build.0 = Debug|Any CPU
		{36FF22C9-4290-4EDA-87A6-C1590603EBBA}.Release|Any CPU.ActiveCfg = Release|Any CPU
		{36FF22C9-4290-4EDA-87A6-C1590603EBBA}.Release|Any CPU.Build.0 = Release|Any CPU
		{5BFEACD2-2FAA-409A-9862-A81430C08EE5}.Debug|Any CPU.ActiveCfg = Debug|Any CPU
		{5BFEACD2-2FAA-409A-9862-A81430C08EE5}.Debug|Any CPU.Build.0 = Debug|Any CPU
		{5BFEACD2-2FAA-409A-9862-A81430C08EE5}.Release|Any CPU.ActiveCfg = Release|Any CPU
		{5BFEACD2-2FAA-409A-9862-A81430C08EE5}.Release|Any CPU.Build.0 = Release|Any CPU
		{3E28572E-8384-48DF-A8D2-1A4D4632050C}.Debug|Any CPU.ActiveCfg = Debug|Any CPU
		{3E28572E-8384-48DF-A8D2-1A4D4632050C}.Debug|Any CPU.Build.0 = Debug|Any CPU
		{3E28572E-8384-48DF-A8D2-1A4D4632050C}.Release|Any CPU.ActiveCfg = Release|Any CPU
		{3E28572E-8384-48DF-A8D2-1A4D4632050C}.Release|Any CPU.Build.0 = Release|Any CPU
	EndGlobalSection
	GlobalSection(NestedProjects) = preSolution
		{69B9AC23-1E55-4031-948E-D9B782492825} = {DDAB9D70-9AFC-42D7-BF36-4D826D1B9D87}
		{365C937F-9781-455B-BCD0-8DC1A7A3A103} = {DDAB9D70-9AFC-42D7-BF36-4D826D1B9D87}
		{0886775B-8F58-48DE-918E-18004F8AA8CA} = {DDAB9D70-9AFC-42D7-BF36-4D826D1B9D87}
		{C1EFDBC8-1B32-4233-B8B6-D2A489483CE1} = {DDAB9D70-9AFC-42D7-BF36-4D826D1B9D87}
		{1D93D7E8-D88D-4D72-8E02-9C900FBB3F90} = {F41D06DD-8BE7-4CD1-8B88-52AC31A621E0}
		{FF71DCC8-D679-4194-9DDA-762192AC7187} = {F41D06DD-8BE7-4CD1-8B88-52AC31A621E0}
		{C4C4FEF7-197E-4BE0-BD7D-190DCC1E68BE} = {F41D06DD-8BE7-4CD1-8B88-52AC31A621E0}
		{EA0C05B1-ABC1-46D8-9C06-6B9DBB347CF9} = {F41D06DD-8BE7-4CD1-8B88-52AC31A621E0}
		{12D39113-C464-4BEB-BD3A-C29FC022F81F} = {F41D06DD-8BE7-4CD1-8B88-52AC31A621E0}
		{3D9254BF-86D6-4600-A306-8A9FCB5891EA} = {F41D06DD-8BE7-4CD1-8B88-52AC31A621E0}
		{2B5F642F-FAB6-47B4-BC49-E48CF0A5C6ED} = {61672EA2-8536-4957-A95F-881B6D5F8230}
		{3E2298ED-C5AA-4EED-AA2D-A3A2C561D48E} = {61672EA2-8536-4957-A95F-881B6D5F8230}
		{8795D162-AF98-436C-9865-975733A3EC07} = {61672EA2-8536-4957-A95F-881B6D5F8230}
		{BA29559A-2805-4919-88E3-A0B5E830E683} = {61672EA2-8536-4957-A95F-881B6D5F8230}
		{39A346DA-9235-4A1D-B13E-41EB8C916985} = {F3973E4F-BE05-4932-8283-DAFF459F0822}
		{A0BF0F66-D78F-490F-8D88-1F4D9D816711} = {DDAB9D70-9AFC-42D7-BF36-4D826D1B9D87}
		{B71BE35C-0AFB-4ABF-8CF3-E04538DE362F} = {DDAB9D70-9AFC-42D7-BF36-4D826D1B9D87}
		{169B5C27-90E4-4FDB-AF6C-6CEF8221C2AA} = {F41D06DD-8BE7-4CD1-8B88-52AC31A621E0}
		{D08689E5-5BD3-46DE-877C-422ABF6A2C8E} = {F41D06DD-8BE7-4CD1-8B88-52AC31A621E0}
		{DE77A335-DCDC-4EC5-9A29-5F059C76EF19} = {DDAB9D70-9AFC-42D7-BF36-4D826D1B9D87}
		{0C6859E0-18D7-4D00-8F4D-969F48D61975} = {61672EA2-8536-4957-A95F-881B6D5F8230}
		{F2123EB4-C1A5-464E-AEAA-A32677AB4391} = {F3973E4F-BE05-4932-8283-DAFF459F0822}
		{43243202-E002-49F5-9360-2ED5C0D575C2} = {F41D06DD-8BE7-4CD1-8B88-52AC31A621E0}
		{03E972AD-E46B-4C67-A412-0BD65A1CFE11} = {F3973E4F-BE05-4932-8283-DAFF459F0822}
		{E3EAEA5E-7C85-493F-971B-8D07D68460E0} = {F3973E4F-BE05-4932-8283-DAFF459F0822}
		{DEC47DAF-CA80-43D8-ACC3-64BB977D5006} = {F3973E4F-BE05-4932-8283-DAFF459F0822}
		{4EA1F54A-669C-4715-8693-EF11B4638EE9} = {6F075676-8E0A-4B63-AC3D-01EE30040C9B}
		{65AFFA93-FB0E-4BBE-9F42-70873498BDC6} = {70D81A82-4A35-44B4-AA43-36FF5F013011}
		{04EE333C-03FF-47B0-9D13-EA5C05B4FAF6} = {70D81A82-4A35-44B4-AA43-36FF5F013011}
		{F82D6647-7B5F-4C6D-9E7A-534147D13CFB} = {F3973E4F-BE05-4932-8283-DAFF459F0822}
		{0AC97FEE-6BCA-43FA-B497-12C4E999C3F2} = {DDAB9D70-9AFC-42D7-BF36-4D826D1B9D87}
		{D1E54038-514A-4A0F-A997-8A6883B119DB} = {93D32955-AEFE-47D0-B4D0-79E73541AAEE}
		{98ABFDDB-6E75-44DF-A266-AA1BFA588945} = {DDAB9D70-9AFC-42D7-BF36-4D826D1B9D87}
		{7228BA4A-CFD2-4B5E-9734-3B5A6141214A} = {DDAB9D70-9AFC-42D7-BF36-4D826D1B9D87}
		{571F4DDF-6E93-40F8-BE46-C14C43AB4E37} = {DDAB9D70-9AFC-42D7-BF36-4D826D1B9D87}
		{86388E9C-C9B0-4B2C-85C7-51F5A2A1C530} = {DDAB9D70-9AFC-42D7-BF36-4D826D1B9D87}
		{F0119374-E031-45F5-B32E-725E2AF5B576} = {DDAB9D70-9AFC-42D7-BF36-4D826D1B9D87}
		{19B8F463-D612-41FF-A149-59AE70F6450D} = {DDAB9D70-9AFC-42D7-BF36-4D826D1B9D87}
		{9EE085EE-77AA-4FF0-8111-4079A6672F22} = {DDAB9D70-9AFC-42D7-BF36-4D826D1B9D87}
		{F4D624A6-4D6B-491E-B914-29BDCC8913EC} = {DDAB9D70-9AFC-42D7-BF36-4D826D1B9D87}
		{0792D687-3D6D-4013-8CD9-0D17ADE7F197} = {CF37E806-F02D-4F7E-84BE-025F3277EC8A}
		{F8BBAC25-CE1A-41DE-A787-E1E2D20DA421} = {CF37E806-F02D-4F7E-84BE-025F3277EC8A}
		{8D12B68A-5F02-4BBE-97E6-A93FB4257630} = {CF37E806-F02D-4F7E-84BE-025F3277EC8A}
		{644B3097-219F-457C-A39D-C340EB6B10C3} = {CF37E806-F02D-4F7E-84BE-025F3277EC8A}
		{AA012BF3-6871-4083-87B6-0A6DB44051D6} = {1CDAD240-D886-499F-B6AC-32BE9E7586C1}
		{41A565F9-DC08-466D-A56F-4C54FD659C37} = {1CDAD240-D886-499F-B6AC-32BE9E7586C1}
		{C05AFAD5-F153-4FFE-BE6A-DFDFBF504AD2} = {1CDAD240-D886-499F-B6AC-32BE9E7586C1}
		{B237D61F-BA1B-454E-927E-B309A952C291} = {1CDAD240-D886-499F-B6AC-32BE9E7586C1}
		{662C1A0A-6F50-4A94-BD59-9AE442B2F758} = {1CDAD240-D886-499F-B6AC-32BE9E7586C1}
		{A995FEA2-10D8-4C8F-B59A-0687044C921D} = {93D32955-AEFE-47D0-B4D0-79E73541AAEE}
		{182727A5-BE0D-4380-A65A-CC7DDD7A4C14} = {F3973E4F-BE05-4932-8283-DAFF459F0822}
		{EE3459EE-A129-4CAD-A780-99AF085CB08B} = {DDAB9D70-9AFC-42D7-BF36-4D826D1B9D87}
		{74855A88-E85C-4EE3-8CAF-83E078167C25} = {84C92104-BD68-484A-A558-1ABE09A67BBA}
		{75A37607-0F8D-4C42-8473-6EA6AA0F015A} = {84C92104-BD68-484A-A558-1ABE09A67BBA}
		{0F751D5F-1966-46B7-9E2F-32232DE87628} = {84C92104-BD68-484A-A558-1ABE09A67BBA}
		{C5AB1C33-7B09-4B52-973D-713DAB85A031} = {1085EF56-3B47-4D67-B821-6E50B398484D}
		{00E1587A-C99C-4FB5-9230-438FA0120F2E} = {1085EF56-3B47-4D67-B821-6E50B398484D}
		{AB5AB6E1-692E-4504-8219-A8C592E24D5B} = {1085EF56-3B47-4D67-B821-6E50B398484D}
		{DC76FC1D-46BE-456B-B88F-A585F1E32953} = {1085EF56-3B47-4D67-B821-6E50B398484D}
		{9E140224-B7F4-4AE1-A5F4-CD8EFF7BD2B6} = {80717208-7B0A-4107-B51A-93BC9AA8B4D2}
		{FBFF80B9-0E68-48F1-ADA5-091A8D84DB87} = {80717208-7B0A-4107-B51A-93BC9AA8B4D2}
		{36FF22C9-4290-4EDA-87A6-C1590603EBBA} = {80717208-7B0A-4107-B51A-93BC9AA8B4D2}
		{5BFEACD2-2FAA-409A-9862-A81430C08EE5} = {80717208-7B0A-4107-B51A-93BC9AA8B4D2}
		{3E28572E-8384-48DF-A8D2-1A4D4632050C} = {DDAB9D70-9AFC-42D7-BF36-4D826D1B9D87}
	EndGlobalSection
EndGlobal
