
Microsoft Visual Studio Solution File, Format Version 12.00
Project("{FAE04EC0-301F-11D3-BF4B-00C04F79EFBC}") = "WpfApp1", "WpfApp1\WpfApp1.csproj", "{1A8EEF4B-B51C-48BD-9ADC-A4434E6C4C74}"
EndProject
Project("{2150E333-8FDC-42A3-9474-1A3956D46DE8}") = "Controls", "Controls", "{DDAB9D70-9AFC-42D7-BF36-4D826D1B9D87}"
EndProject
Project("{FAE04EC0-301F-11D3-BF4B-00C04F79EFBC}") = "TextBlockControl", "TextBlockControl\TextBlockControl.csproj", "{69B9AC23-1E55-4031-948E-D9B782492825}"
EndProject
Project("{FAE04EC0-301F-11D3-BF4B-00C04F79EFBC}") = "LabelControl", "LabelControl\LabelControl.csproj", "{365C937F-9781-455B-BCD0-8DC1A7A3A103}"
EndProject
Project("{FAE04EC0-301F-11D3-BF4B-00C04F79EFBC}") = "ButtonControl", "ButtonControl\ButtonControl.csproj", "{0886775B-8F58-48DE-918E-18004F8AA8CA}"
EndProject
Project("{FAE04EC0-301F-11D3-BF4B-00C04F79EFBC}") = "TextboxControl", "TextboxControl\TextboxControl.csproj", "{C1EFDBC8-1B32-4233-B8B6-D2A489483CE1}"
EndProject
Project("{2150E333-8FDC-42A3-9474-1A3956D46DE8}") = "DataBinding", "DataBinding", "{F41D06DD-8BE7-4CD1-8B88-52AC31A621E0}"
EndProject
Project("{FAE04EC0-301F-11D3-BF4B-00C04F79EFBC}") = "SimpleDataBinding", "SimpleDataBinding\SimpleDataBinding.csproj", "{1D93D7E8-D88D-4D72-8E02-9C900FBB3F90}"
EndProject
Project("{FAE04EC0-301F-11D3-BF4B-00C04F79EFBC}") = "OneWayBinding", "OneWayBinding\OneWayBinding.csproj", "{FF71DCC8-D679-4194-9DDA-762192AC7187}"
EndProject
Project("{FAE04EC0-301F-11D3-BF4B-00C04F79EFBC}") = "TwoWayBinding", "TwoWayBinding\TwoWayBinding.csproj", "{C4C4FEF7-197E-4BE0-BD7D-190DCC1E68BE}"
EndProject
Project("{FAE04EC0-301F-11D3-BF4B-00C04F79EFBC}") = "BindingSourceTrigger", "BindingSourceTrigger\BindingSourceTrigger.csproj", "{EA0C05B1-ABC1-46D8-9C06-6B9DBB347CF9}"
EndProject
Project("{FAE04EC0-301F-11D3-BF4B-00C04F79EFBC}") = "BindingToClrObjects", "BindingToClrObjects\BindingToClrObjects.csproj", "{12D39113-C464-4BEB-BD3A-C29FC022F81F}"
EndProject
Project("{FAE04EC0-301F-11D3-BF4B-00C04F79EFBC}") = "ViewModelBinding", "ViewModelBinding\ViewModelBinding.csproj", "{3D9254BF-86D6-4600-A306-8A9FCB5891EA}"
EndProject
Project("{2150E333-8FDC-42A3-9474-1A3956D46DE8}") = "Commands", "Commands", "{61672EA2-8536-4957-A95F-881B6D5F8230}"
EndProject
Project("{FAE04EC0-301F-11D3-BF4B-00C04F79EFBC}") = "ApplicationCommands", "ApplicationCommands\ApplicationCommands.csproj", "{2B5F642F-FAB6-47B4-BC49-E48CF0A5C6ED}"
EndProject
Project("{FAE04EC0-301F-11D3-BF4B-00C04F79EFBC}") = "SimpleCommands", "SimpleCommands\SimpleCommands.csproj", "{3E2298ED-C5AA-4EED-AA2D-A3A2C561D48E}"
EndProject
Project("{FAE04EC0-301F-11D3-BF4B-00C04F79EFBC}") = "RoutedUiCommands", "RoutedUiCommands\RoutedUiCommands.csproj", "{8795D162-AF98-436C-9865-975733A3EC07}"
EndProject
Project("{FAE04EC0-301F-11D3-BF4B-00C04F79EFBC}") = "RoutedCommands", "RoutedCommands\RoutedCommands.csproj", "{BA29559A-2805-4919-88E3-A0B5E830E683}"
EndProject
Project("{2150E333-8FDC-42A3-9474-1A3956D46DE8}") = "Samples", "Samples", "{F3973E4F-BE05-4932-8283-DAFF459F0822}"
EndProject
Project("{FAE04EC0-301F-11D3-BF4B-00C04F79EFBC}") = "SimpleNotepad", "SimpleNotepad\SimpleNotepad.csproj", "{39A346DA-9235-4A1D-B13E-41EB8C916985}"
EndProject
Project("{FAE04EC0-301F-11D3-BF4B-00C04F79EFBC}") = "FrameControl", "FrameControl\FrameControl.csproj", "{A0BF0F66-D78F-490F-8D88-1F4D9D816711}"
EndProject
Project("{FAE04EC0-301F-11D3-BF4B-00C04F79EFBC}") = "PagesAndFrames", "PagesAndFrames\PagesAndFrames.csproj", "{B71BE35C-0AFB-4ABF-8CF3-E04538DE362F}"
EndProject
Project("{FAE04EC0-301F-11D3-BF4B-00C04F79EFBC}") = "ObservableCollectionType", "ObservableCollectionType\ObservableCollectionType.csproj", "{169B5C27-90E4-4FDB-AF6C-6CEF8221C2AA}"
EndProject
Project("{FAE04EC0-301F-11D3-BF4B-00C04F79EFBC}") = "ValueConverter", "ValueConverter\ValueConverter.csproj", "{D08689E5-5BD3-46DE-877C-422ABF6A2C8E}"
EndProject
Project("{FAE04EC0-301F-11D3-BF4B-00C04F79EFBC}") = "RichTextBoxControl", "RichTextBoxControl\RichTextBoxControl.csproj", "{DE77A335-DCDC-4EC5-9A29-5F059C76EF19}"
EndProject
Project("{FAE04EC0-301F-11D3-BF4B-00C04F79EFBC}") = "CustomCommands", "CustomCommands\CustomCommands.csproj", "{0C6859E0-18D7-4D00-8F4D-969F48D61975}"
EndProject
Project("{FAE04EC0-301F-11D3-BF4B-00C04F79EFBC}") = "ShapeRender", "ShapeRender\ShapeRender.csproj", "{F2123EB4-C1A5-464E-AEAA-A32677AB4391}"
EndProject
Project("{FAE04EC0-301F-11D3-BF4B-00C04F79EFBC}") = "MultiBinding", "MultiBinding\MultiBinding.csproj", "{43243202-E002-49F5-9360-2ED5C0D575C2}"
EndProject
Global
	GlobalSection(SolutionConfigurationPlatforms) = preSolution
		Debug|Any CPU = Debug|Any CPU
		Release|Any CPU = Release|Any CPU
	EndGlobalSection
	GlobalSection(ProjectConfigurationPlatforms) = postSolution
		{1A8EEF4B-B51C-48BD-9ADC-A4434E6C4C74}.Debug|Any CPU.ActiveCfg = Debug|Any CPU
		{1A8EEF4B-B51C-48BD-9ADC-A4434E6C4C74}.Debug|Any CPU.Build.0 = Debug|Any CPU
		{1A8EEF4B-B51C-48BD-9ADC-A4434E6C4C74}.Release|Any CPU.ActiveCfg = Release|Any CPU
		{1A8EEF4B-B51C-48BD-9ADC-A4434E6C4C74}.Release|Any CPU.Build.0 = Release|Any CPU
		{69B9AC23-1E55-4031-948E-D9B782492825}.Debug|Any CPU.ActiveCfg = Debug|Any CPU
		{69B9AC23-1E55-4031-948E-D9B782492825}.Debug|Any CPU.Build.0 = Debug|Any CPU
		{69B9AC23-1E55-4031-948E-D9B782492825}.Release|Any CPU.ActiveCfg = Release|Any CPU
		{69B9AC23-1E55-4031-948E-D9B782492825}.Release|Any CPU.Build.0 = Release|Any CPU
		{365C937F-9781-455B-BCD0-8DC1A7A3A103}.Debug|Any CPU.ActiveCfg = Debug|Any CPU
		{365C937F-9781-455B-BCD0-8DC1A7A3A103}.Debug|Any CPU.Build.0 = Debug|Any CPU
		{365C937F-9781-455B-BCD0-8DC1A7A3A103}.Release|Any CPU.ActiveCfg = Release|Any CPU
		{365C937F-9781-455B-BCD0-8DC1A7A3A103}.Release|Any CPU.Build.0 = Release|Any CPU
		{0886775B-8F58-48DE-918E-18004F8AA8CA}.Debug|Any CPU.ActiveCfg = Debug|Any CPU
		{0886775B-8F58-48DE-918E-18004F8AA8CA}.Debug|Any CPU.Build.0 = Debug|Any CPU
		{0886775B-8F58-48DE-918E-18004F8AA8CA}.Release|Any CPU.ActiveCfg = Release|Any CPU
		{0886775B-8F58-48DE-918E-18004F8AA8CA}.Release|Any CPU.Build.0 = Release|Any CPU
		{C1EFDBC8-1B32-4233-B8B6-D2A489483CE1}.Debug|Any CPU.ActiveCfg = Debug|Any CPU
		{C1EFDBC8-1B32-4233-B8B6-D2A489483CE1}.Debug|Any CPU.Build.0 = Debug|Any CPU
		{C1EFDBC8-1B32-4233-B8B6-D2A489483CE1}.Release|Any CPU.ActiveCfg = Release|Any CPU
		{C1EFDBC8-1B32-4233-B8B6-D2A489483CE1}.Release|Any CPU.Build.0 = Release|Any CPU
		{1D93D7E8-D88D-4D72-8E02-9C900FBB3F90}.Debug|Any CPU.ActiveCfg = Debug|Any CPU
		{1D93D7E8-D88D-4D72-8E02-9C900FBB3F90}.Debug|Any CPU.Build.0 = Debug|Any CPU
		{1D93D7E8-D88D-4D72-8E02-9C900FBB3F90}.Release|Any CPU.ActiveCfg = Release|Any CPU
		{1D93D7E8-D88D-4D72-8E02-9C900FBB3F90}.Release|Any CPU.Build.0 = Release|Any CPU
		{FF71DCC8-D679-4194-9DDA-762192AC7187}.Debug|Any CPU.ActiveCfg = Debug|Any CPU
		{FF71DCC8-D679-4194-9DDA-762192AC7187}.Debug|Any CPU.Build.0 = Debug|Any CPU
		{FF71DCC8-D679-4194-9DDA-762192AC7187}.Release|Any CPU.ActiveCfg = Release|Any CPU
		{FF71DCC8-D679-4194-9DDA-762192AC7187}.Release|Any CPU.Build.0 = Release|Any CPU
		{C4C4FEF7-197E-4BE0-BD7D-190DCC1E68BE}.Debug|Any CPU.ActiveCfg = Debug|Any CPU
		{C4C4FEF7-197E-4BE0-BD7D-190DCC1E68BE}.Debug|Any CPU.Build.0 = Debug|Any CPU
		{C4C4FEF7-197E-4BE0-BD7D-190DCC1E68BE}.Release|Any CPU.ActiveCfg = Release|Any CPU
		{C4C4FEF7-197E-4BE0-BD7D-190DCC1E68BE}.Release|Any CPU.Build.0 = Release|Any CPU
		{EA0C05B1-ABC1-46D8-9C06-6B9DBB347CF9}.Debug|Any CPU.ActiveCfg = Debug|Any CPU
		{EA0C05B1-ABC1-46D8-9C06-6B9DBB347CF9}.Debug|Any CPU.Build.0 = Debug|Any CPU
		{EA0C05B1-ABC1-46D8-9C06-6B9DBB347CF9}.Release|Any CPU.ActiveCfg = Release|Any CPU
		{EA0C05B1-ABC1-46D8-9C06-6B9DBB347CF9}.Release|Any CPU.Build.0 = Release|Any CPU
		{12D39113-C464-4BEB-BD3A-C29FC022F81F}.Debug|Any CPU.ActiveCfg = Debug|Any CPU
		{12D39113-C464-4BEB-BD3A-C29FC022F81F}.Debug|Any CPU.Build.0 = Debug|Any CPU
		{12D39113-C464-4BEB-BD3A-C29FC022F81F}.Release|Any CPU.ActiveCfg = Release|Any CPU
		{12D39113-C464-4BEB-BD3A-C29FC022F81F}.Release|Any CPU.Build.0 = Release|Any CPU
		{3D9254BF-86D6-4600-A306-8A9FCB5891EA}.Debug|Any CPU.ActiveCfg = Debug|Any CPU
		{3D9254BF-86D6-4600-A306-8A9FCB5891EA}.Debug|Any CPU.Build.0 = Debug|Any CPU
		{3D9254BF-86D6-4600-A306-8A9FCB5891EA}.Release|Any CPU.ActiveCfg = Release|Any CPU
		{3D9254BF-86D6-4600-A306-8A9FCB5891EA}.Release|Any CPU.Build.0 = Release|Any CPU
		{2B5F642F-FAB6-47B4-BC49-E48CF0A5C6ED}.Debug|Any CPU.ActiveCfg = Debug|Any CPU
		{2B5F642F-FAB6-47B4-BC49-E48CF0A5C6ED}.Debug|Any CPU.Build.0 = Debug|Any CPU
		{2B5F642F-FAB6-47B4-BC49-E48CF0A5C6ED}.Release|Any CPU.ActiveCfg = Release|Any CPU
		{2B5F642F-FAB6-47B4-BC49-E48CF0A5C6ED}.Release|Any CPU.Build.0 = Release|Any CPU
		{3E2298ED-C5AA-4EED-AA2D-A3A2C561D48E}.Debug|Any CPU.ActiveCfg = Debug|Any CPU
		{3E2298ED-C5AA-4EED-AA2D-A3A2C561D48E}.Debug|Any CPU.Build.0 = Debug|Any CPU
		{3E2298ED-C5AA-4EED-AA2D-A3A2C561D48E}.Release|Any CPU.ActiveCfg = Release|Any CPU
		{3E2298ED-C5AA-4EED-AA2D-A3A2C561D48E}.Release|Any CPU.Build.0 = Release|Any CPU
		{8795D162-AF98-436C-9865-975733A3EC07}.Debug|Any CPU.ActiveCfg = Debug|Any CPU
		{8795D162-AF98-436C-9865-975733A3EC07}.Debug|Any CPU.Build.0 = Debug|Any CPU
		{8795D162-AF98-436C-9865-975733A3EC07}.Release|Any CPU.ActiveCfg = Release|Any CPU
		{8795D162-AF98-436C-9865-975733A3EC07}.Release|Any CPU.Build.0 = Release|Any CPU
		{BA29559A-2805-4919-88E3-A0B5E830E683}.Debug|Any CPU.ActiveCfg = Debug|Any CPU
		{BA29559A-2805-4919-88E3-A0B5E830E683}.Debug|Any CPU.Build.0 = Debug|Any CPU
		{BA29559A-2805-4919-88E3-A0B5E830E683}.Release|Any CPU.ActiveCfg = Release|Any CPU
		{BA29559A-2805-4919-88E3-A0B5E830E683}.Release|Any CPU.Build.0 = Release|Any CPU
		{39A346DA-9235-4A1D-B13E-41EB8C916985}.Debug|Any CPU.ActiveCfg = Debug|Any CPU
		{39A346DA-9235-4A1D-B13E-41EB8C916985}.Debug|Any CPU.Build.0 = Debug|Any CPU
		{39A346DA-9235-4A1D-B13E-41EB8C916985}.Release|Any CPU.ActiveCfg = Release|Any CPU
		{39A346DA-9235-4A1D-B13E-41EB8C916985}.Release|Any CPU.Build.0 = Release|Any CPU
		{A0BF0F66-D78F-490F-8D88-1F4D9D816711}.Debug|Any CPU.ActiveCfg = Debug|Any CPU
		{A0BF0F66-D78F-490F-8D88-1F4D9D816711}.Debug|Any CPU.Build.0 = Debug|Any CPU
		{A0BF0F66-D78F-490F-8D88-1F4D9D816711}.Release|Any CPU.ActiveCfg = Release|Any CPU
		{A0BF0F66-D78F-490F-8D88-1F4D9D816711}.Release|Any CPU.Build.0 = Release|Any CPU
		{B71BE35C-0AFB-4ABF-8CF3-E04538DE362F}.Debug|Any CPU.ActiveCfg = Debug|Any CPU
		{B71BE35C-0AFB-4ABF-8CF3-E04538DE362F}.Debug|Any CPU.Build.0 = Debug|Any CPU
		{B71BE35C-0AFB-4ABF-8CF3-E04538DE362F}.Release|Any CPU.ActiveCfg = Release|Any CPU
		{B71BE35C-0AFB-4ABF-8CF3-E04538DE362F}.Release|Any CPU.Build.0 = Release|Any CPU
		{169B5C27-90E4-4FDB-AF6C-6CEF8221C2AA}.Debug|Any CPU.ActiveCfg = Debug|Any CPU
		{169B5C27-90E4-4FDB-AF6C-6CEF8221C2AA}.Debug|Any CPU.Build.0 = Debug|Any CPU
		{169B5C27-90E4-4FDB-AF6C-6CEF8221C2AA}.Release|Any CPU.ActiveCfg = Release|Any CPU
		{169B5C27-90E4-4FDB-AF6C-6CEF8221C2AA}.Release|Any CPU.Build.0 = Release|Any CPU
		{D08689E5-5BD3-46DE-877C-422ABF6A2C8E}.Debug|Any CPU.ActiveCfg = Debug|Any CPU
		{D08689E5-5BD3-46DE-877C-422ABF6A2C8E}.Debug|Any CPU.Build.0 = Debug|Any CPU
		{D08689E5-5BD3-46DE-877C-422ABF6A2C8E}.Release|Any CPU.ActiveCfg = Release|Any CPU
		{D08689E5-5BD3-46DE-877C-422ABF6A2C8E}.Release|Any CPU.Build.0 = Release|Any CPU
		{DE77A335-DCDC-4EC5-9A29-5F059C76EF19}.Debug|Any CPU.ActiveCfg = Debug|Any CPU
		{DE77A335-DCDC-4EC5-9A29-5F059C76EF19}.Debug|Any CPU.Build.0 = Debug|Any CPU
		{DE77A335-DCDC-4EC5-9A29-5F059C76EF19}.Release|Any CPU.ActiveCfg = Release|Any CPU
		{DE77A335-DCDC-4EC5-9A29-5F059C76EF19}.Release|Any CPU.Build.0 = Release|Any CPU
		{0C6859E0-18D7-4D00-8F4D-969F48D61975}.Debug|Any CPU.ActiveCfg = Debug|Any CPU
		{0C6859E0-18D7-4D00-8F4D-969F48D61975}.Debug|Any CPU.Build.0 = Debug|Any CPU
		{0C6859E0-18D7-4D00-8F4D-969F48D61975}.Release|Any CPU.ActiveCfg = Release|Any CPU
		{0C6859E0-18D7-4D00-8F4D-969F48D61975}.Release|Any CPU.Build.0 = Release|Any CPU
		{F2123EB4-C1A5-464E-AEAA-A32677AB4391}.Debug|Any CPU.ActiveCfg = Debug|Any CPU
		{F2123EB4-C1A5-464E-AEAA-A32677AB4391}.Debug|Any CPU.Build.0 = Debug|Any CPU
		{F2123EB4-C1A5-464E-AEAA-A32677AB4391}.Release|Any CPU.ActiveCfg = Release|Any CPU
		{F2123EB4-C1A5-464E-AEAA-A32677AB4391}.Release|Any CPU.Build.0 = Release|Any CPU
		{43243202-E002-49F5-9360-2ED5C0D575C2}.Debug|Any CPU.ActiveCfg = Debug|Any CPU
		{43243202-E002-49F5-9360-2ED5C0D575C2}.Debug|Any CPU.Build.0 = Debug|Any CPU
		{43243202-E002-49F5-9360-2ED5C0D575C2}.Release|Any CPU.ActiveCfg = Release|Any CPU
		{43243202-E002-49F5-9360-2ED5C0D575C2}.Release|Any CPU.Build.0 = Release|Any CPU
	EndGlobalSection
	GlobalSection(NestedProjects) = preSolution
		{69B9AC23-1E55-4031-948E-D9B782492825} = {DDAB9D70-9AFC-42D7-BF36-4D826D1B9D87}
		{365C937F-9781-455B-BCD0-8DC1A7A3A103} = {DDAB9D70-9AFC-42D7-BF36-4D826D1B9D87}
		{0886775B-8F58-48DE-918E-18004F8AA8CA} = {DDAB9D70-9AFC-42D7-BF36-4D826D1B9D87}
		{C1EFDBC8-1B32-4233-B8B6-D2A489483CE1} = {DDAB9D70-9AFC-42D7-BF36-4D826D1B9D87}
		{1D93D7E8-D88D-4D72-8E02-9C900FBB3F90} = {F41D06DD-8BE7-4CD1-8B88-52AC31A621E0}
		{FF71DCC8-D679-4194-9DDA-762192AC7187} = {F41D06DD-8BE7-4CD1-8B88-52AC31A621E0}
		{C4C4FEF7-197E-4BE0-BD7D-190DCC1E68BE} = {F41D06DD-8BE7-4CD1-8B88-52AC31A621E0}
		{EA0C05B1-ABC1-46D8-9C06-6B9DBB347CF9} = {F41D06DD-8BE7-4CD1-8B88-52AC31A621E0}
		{12D39113-C464-4BEB-BD3A-C29FC022F81F} = {F41D06DD-8BE7-4CD1-8B88-52AC31A621E0}
		{3D9254BF-86D6-4600-A306-8A9FCB5891EA} = {F41D06DD-8BE7-4CD1-8B88-52AC31A621E0}
		{2B5F642F-FAB6-47B4-BC49-E48CF0A5C6ED} = {61672EA2-8536-4957-A95F-881B6D5F8230}
		{3E2298ED-C5AA-4EED-AA2D-A3A2C561D48E} = {61672EA2-8536-4957-A95F-881B6D5F8230}
		{8795D162-AF98-436C-9865-975733A3EC07} = {61672EA2-8536-4957-A95F-881B6D5F8230}
		{BA29559A-2805-4919-88E3-A0B5E830E683} = {61672EA2-8536-4957-A95F-881B6D5F8230}
		{39A346DA-9235-4A1D-B13E-41EB8C916985} = {F3973E4F-BE05-4932-8283-DAFF459F0822}
		{A0BF0F66-D78F-490F-8D88-1F4D9D816711} = {DDAB9D70-9AFC-42D7-BF36-4D826D1B9D87}
		{B71BE35C-0AFB-4ABF-8CF3-E04538DE362F} = {DDAB9D70-9AFC-42D7-BF36-4D826D1B9D87}
		{169B5C27-90E4-4FDB-AF6C-6CEF8221C2AA} = {F41D06DD-8BE7-4CD1-8B88-52AC31A621E0}
		{D08689E5-5BD3-46DE-877C-422ABF6A2C8E} = {F41D06DD-8BE7-4CD1-8B88-52AC31A621E0}
		{DE77A335-DCDC-4EC5-9A29-5F059C76EF19} = {DDAB9D70-9AFC-42D7-BF36-4D826D1B9D87}
		{0C6859E0-18D7-4D00-8F4D-969F48D61975} = {61672EA2-8536-4957-A95F-881B6D5F8230}
		{F2123EB4-C1A5-464E-AEAA-A32677AB4391} = {F3973E4F-BE05-4932-8283-DAFF459F0822}
		{43243202-E002-49F5-9360-2ED5C0D575C2} = {F41D06DD-8BE7-4CD1-8B88-52AC31A621E0}
	EndGlobalSection
EndGlobal
